
Microsoft Visual Studio Solution File, Format Version 12.00
# Visual Studio Version 17
VisualStudioVersion = 17.5.002.0
MinimumVisualStudioVersion = 10.0.40219.1
Project("{2150E333-8FDC-42A3-9474-1A3956D46DE8}") = "csharp-prep", "csharp-prep", "{C966CA40-D7FD-424B-B57C-A252101B713A}"
EndProject
Project("{9A19103F-16F7-4668-BE54-9A1E7A4F7556}") = "Prep1", "csharp-prep\Prep1\Prep1.csproj", "{F341194F-78D1-4E2A-BC06-16E51C7B2012}"
EndProject
Project("{9A19103F-16F7-4668-BE54-9A1E7A4F7556}") = "Prep2", "csharp-prep\Prep2\Prep2.csproj", "{D4914EDC-D1A4-4D42-B57A-BB4B0E8A73C6}"
EndProject
Project("{9A19103F-16F7-4668-BE54-9A1E7A4F7556}") = "Prep3", "csharp-prep\Prep3\Prep3.csproj", "{B64CBB1A-D7D4-4C16-A45B-2602FF40C6F2}"
EndProject
Project("{9A19103F-16F7-4668-BE54-9A1E7A4F7556}") = "Prep4", "csharp-prep\Prep4\Prep4.csproj", "{3042D476-E942-4AB0-84E8-3B2D84815D5A}"
EndProject
Project("{9A19103F-16F7-4668-BE54-9A1E7A4F7556}") = "Prep5", "csharp-prep\Prep5\Prep5.csproj", "{8B8CD1F1-C5AC-48A4-94EE-677CDECA9ECB}"
EndProject
Project("{2150E333-8FDC-42A3-9474-1A3956D46DE8}") = "final", "final", "{A140DBF7-FBE2-4EB2-A9C6-0DBA38F3C33B}"
EndProject
Project("{9A19103F-16F7-4668-BE54-9A1E7A4F7556}") = "FinalProject", "final\FinalProject\FinalProject.csproj", "{25C7155B-4CA7-4646-9FD8-1A22DD20C2BD}"
EndProject
Project("{9A19103F-16F7-4668-BE54-9A1E7A4F7556}") = "Foundation1", "final\Foundation1\Foundation1.csproj", "{18AD1313-BF80-419C-8296-5F393989F029}"
EndProject
Project("{9A19103F-16F7-4668-BE54-9A1E7A4F7556}") = "Foundation2", "final\Foundation2\Foundation2.csproj", "{A69AB79A-A79C-4183-84BE-2B857D2FD1C0}"
EndProject
Project("{9A19103F-16F7-4668-BE54-9A1E7A4F7556}") = "Foundation3", "final\Foundation3\Foundation3.csproj", "{8E4CF2E1-F8E2-4837-ACEC-F9C8CEAE10C7}"
EndProject
Project("{9A19103F-16F7-4668-BE54-9A1E7A4F7556}") = "Foundation4", "final\Foundation4\Foundation4.csproj", "{2EA41F6F-E514-4465-9C6F-08ECEE7C405B}"
EndProject
Project("{2150E333-8FDC-42A3-9474-1A3956D46DE8}") = "prepare", "prepare", "{D109C0D6-A315-4B37-BA4E-9BDE36CD23CD}"
EndProject
Project("{9A19103F-16F7-4668-BE54-9A1E7A4F7556}") = "Learning02", "prepare\Learning02\Learning02.csproj", "{7B1D0E1F-D665-4D43-B377-95FFE21CF81E}"
EndProject
Project("{9A19103F-16F7-4668-BE54-9A1E7A4F7556}") = "Learning03", "prepare\Learning03\Learning03.csproj", "{32C11C85-4787-416A-A083-39D4A9561570}"
EndProject
Project("{9A19103F-16F7-4668-BE54-9A1E7A4F7556}") = "Learning04", "prepare\Learning04\Learning04.csproj", "{C809ADDE-3F9E-469A-98E8-030DB41C03F9}"
EndProject
Project("{9A19103F-16F7-4668-BE54-9A1E7A4F7556}") = "Learning05", "prepare\Learning05\Learning05.csproj", "{C8D7C2F7-FCA8-45F4-AEE0-27EC664E9822}"
EndProject
Project("{2150E333-8FDC-42A3-9474-1A3956D46DE8}") = "prove", "prove", "{9B79EC06-96A7-4B8F-ACA4-C02A4940018B}"
EndProject
Project("{9A19103F-16F7-4668-BE54-9A1E7A4F7556}") = "Develop02", "prove\Develop02\Develop02.csproj", "{D0F17F1D-F63C-44ED-8CEC-FECAAA206ED5}"
EndProject
Project("{9A19103F-16F7-4668-BE54-9A1E7A4F7556}") = "Develop03", "prove\Develop03\Develop03.csproj", "{C921AF17-D6DF-4629-AA80-ECF657FCBFFC}"
EndProject
Project("{9A19103F-16F7-4668-BE54-9A1E7A4F7556}") = "Develop04", "prove\Develop04\Develop04.csproj", "{348B44E1-AE86-4D81-9B70-411F9CB0E1A2}"
EndProject
Project("{9A19103F-16F7-4668-BE54-9A1E7A4F7556}") = "Develop05", "prove\Develop05\Develop05.csproj", "{C341C0FA-4D3B-4EAB-A0E2-D21163954D75}"
EndProject
Project("{2150E333-8FDC-42A3-9474-1A3956D46DE8}") = "sandbox", "sandbox", "{783D1416-B702-4681-A0BA-F604AB7A5118}"
EndProject
Project("{9A19103F-16F7-4668-BE54-9A1E7A4F7556}") = "Sandbox", "sandbox\Sandbox\Sandbox.csproj", "{5C5E75DD-B9A2-4358-BB9A-031FCDB48625}"
EndProject
Global
	GlobalSection(SolutionConfigurationPlatforms) = preSolution
		Debug|Any CPU = Debug|Any CPU
		Release|Any CPU = Release|Any CPU
	EndGlobalSection
	GlobalSection(ProjectConfigurationPlatforms) = postSolution
		{F341194F-78D1-4E2A-BC06-16E51C7B2012}.Debug|Any CPU.ActiveCfg = Debug|Any CPU
		{F341194F-78D1-4E2A-BC06-16E51C7B2012}.Debug|Any CPU.Build.0 = Debug|Any CPU
		{F341194F-78D1-4E2A-BC06-16E51C7B2012}.Release|Any CPU.ActiveCfg = Release|Any CPU
		{F341194F-78D1-4E2A-BC06-16E51C7B2012}.Release|Any CPU.Build.0 = Release|Any CPU
		{D4914EDC-D1A4-4D42-B57A-BB4B0E8A73C6}.Debug|Any CPU.ActiveCfg = Debug|Any CPU
		{D4914EDC-D1A4-4D42-B57A-BB4B0E8A73C6}.Debug|Any CPU.Build.0 = Debug|Any CPU
		{D4914EDC-D1A4-4D42-B57A-BB4B0E8A73C6}.Release|Any CPU.ActiveCfg = Release|Any CPU
		{D4914EDC-D1A4-4D42-B57A-BB4B0E8A73C6}.Release|Any CPU.Build.0 = Release|Any CPU
		{B64CBB1A-D7D4-4C16-A45B-2602FF40C6F2}.Debug|Any CPU.ActiveCfg = Debug|Any CPU
		{B64CBB1A-D7D4-4C16-A45B-2602FF40C6F2}.Debug|Any CPU.Build.0 = Debug|Any CPU
		{B64CBB1A-D7D4-4C16-A45B-2602FF40C6F2}.Release|Any CPU.ActiveCfg = Release|Any CPU
		{B64CBB1A-D7D4-4C16-A45B-2602FF40C6F2}.Release|Any CPU.Build.0 = Release|Any CPU
		{3042D476-E942-4AB0-84E8-3B2D84815D5A}.Debug|Any CPU.ActiveCfg = Debug|Any CPU
		{3042D476-E942-4AB0-84E8-3B2D84815D5A}.Debug|Any CPU.Build.0 = Debug|Any CPU
		{3042D476-E942-4AB0-84E8-3B2D84815D5A}.Release|Any CPU.ActiveCfg = Release|Any CPU
		{3042D476-E942-4AB0-84E8-3B2D84815D5A}.Release|Any CPU.Build.0 = Release|Any CPU
		{8B8CD1F1-C5AC-48A4-94EE-677CDECA9ECB}.Debug|Any CPU.ActiveCfg = Debug|Any CPU
		{8B8CD1F1-C5AC-48A4-94EE-677CDECA9ECB}.Debug|Any CPU.Build.0 = Debug|Any CPU
		{8B8CD1F1-C5AC-48A4-94EE-677CDECA9ECB}.Release|Any CPU.ActiveCfg = Release|Any CPU
		{8B8CD1F1-C5AC-48A4-94EE-677CDECA9ECB}.Release|Any CPU.Build.0 = Release|Any CPU
		{25C7155B-4CA7-4646-9FD8-1A22DD20C2BD}.Debug|Any CPU.ActiveCfg = Debug|Any CPU
		{25C7155B-4CA7-4646-9FD8-1A22DD20C2BD}.Debug|Any CPU.Build.0 = Debug|Any CPU
		{25C7155B-4CA7-4646-9FD8-1A22DD20C2BD}.Release|Any CPU.ActiveCfg = Release|Any CPU
		{25C7155B-4CA7-4646-9FD8-1A22DD20C2BD}.Release|Any CPU.Build.0 = Release|Any CPU
		{18AD1313-BF80-419C-8296-5F393989F029}.Debug|Any CPU.ActiveCfg = Debug|Any CPU
		{18AD1313-BF80-419C-8296-5F393989F029}.Debug|Any CPU.Build.0 = Debug|Any CPU
		{18AD1313-BF80-419C-8296-5F393989F029}.Release|Any CPU.ActiveCfg = Release|Any CPU
		{18AD1313-BF80-419C-8296-5F393989F029}.Release|Any CPU.Build.0 = Release|Any CPU
		{A69AB79A-A79C-4183-84BE-2B857D2FD1C0}.Debug|Any CPU.ActiveCfg = Debug|Any CPU
		{A69AB79A-A79C-4183-84BE-2B857D2FD1C0}.Debug|Any CPU.Build.0 = Debug|Any CPU
		{A69AB79A-A79C-4183-84BE-2B857D2FD1C0}.Release|Any CPU.ActiveCfg = Release|Any CPU
		{A69AB79A-A79C-4183-84BE-2B857D2FD1C0}.Release|Any CPU.Build.0 = Release|Any CPU
		{8E4CF2E1-F8E2-4837-ACEC-F9C8CEAE10C7}.Debug|Any CPU.ActiveCfg = Debug|Any CPU
		{8E4CF2E1-F8E2-4837-ACEC-F9C8CEAE10C7}.Debug|Any CPU.Build.0 = Debug|Any CPU
		{8E4CF2E1-F8E2-4837-ACEC-F9C8CEAE10C7}.Release|Any CPU.ActiveCfg = Release|Any CPU
		{8E4CF2E1-F8E2-4837-ACEC-F9C8CEAE10C7}.Release|Any CPU.Build.0 = Release|Any CPU
		{2EA41F6F-E514-4465-9C6F-08ECEE7C405B}.Debug|Any CPU.ActiveCfg = Debug|Any CPU
		{2EA41F6F-E514-4465-9C6F-08ECEE7C405B}.Debug|Any CPU.Build.0 = Debug|Any CPU
		{2EA41F6F-E514-4465-9C6F-08ECEE7C405B}.Release|Any CPU.ActiveCfg = Release|Any CPU
		{2EA41F6F-E514-4465-9C6F-08ECEE7C405B}.Release|Any CPU.Build.0 = Release|Any CPU
		{7B1D0E1F-D665-4D43-B377-95FFE21CF81E}.Debug|Any CPU.ActiveCfg = Debug|Any CPU
		{7B1D0E1F-D665-4D43-B377-95FFE21CF81E}.Debug|Any CPU.Build.0 = Debug|Any CPU
		{7B1D0E1F-D665-4D43-B377-95FFE21CF81E}.Release|Any CPU.ActiveCfg = Release|Any CPU
		{7B1D0E1F-D665-4D43-B377-95FFE21CF81E}.Release|Any CPU.Build.0 = Release|Any CPU
		{32C11C85-4787-416A-A083-39D4A9561570}.Debug|Any CPU.ActiveCfg = Debug|Any CPU
		{32C11C85-4787-416A-A083-39D4A9561570}.Debug|Any CPU.Build.0 = Debug|Any CPU
		{32C11C85-4787-416A-A083-39D4A9561570}.Release|Any CPU.ActiveCfg = Release|Any CPU
		{32C11C85-4787-416A-A083-39D4A9561570}.Release|Any CPU.Build.0 = Release|Any CPU
		{C809ADDE-3F9E-469A-98E8-030DB41C03F9}.Debug|Any CPU.ActiveCfg = Debug|Any CPU
		{C809ADDE-3F9E-469A-98E8-030DB41C03F9}.Debug|Any CPU.Build.0 = Debug|Any CPU
		{C809ADDE-3F9E-469A-98E8-030DB41C03F9}.Release|Any CPU.ActiveCfg = Release|Any CPU
		{C809ADDE-3F9E-469A-98E8-030DB41C03F9}.Release|Any CPU.Build.0 = Release|Any CPU
		{C8D7C2F7-FCA8-45F4-AEE0-27EC664E9822}.Debug|Any CPU.ActiveCfg = Debug|Any CPU
		{C8D7C2F7-FCA8-45F4-AEE0-27EC664E9822}.Debug|Any CPU.Build.0 = Debug|Any CPU
		{C8D7C2F7-FCA8-45F4-AEE0-27EC664E9822}.Release|Any CPU.ActiveCfg = Release|Any CPU
		{C8D7C2F7-FCA8-45F4-AEE0-27EC664E9822}.Release|Any CPU.Build.0 = Release|Any CPU
		{D0F17F1D-F63C-44ED-8CEC-FECAAA206ED5}.Debug|Any CPU.ActiveCfg = Debug|Any CPU
		{D0F17F1D-F63C-44ED-8CEC-FECAAA206ED5}.Debug|Any CPU.Build.0 = Debug|Any CPU
		{D0F17F1D-F63C-44ED-8CEC-FECAAA206ED5}.Release|Any CPU.ActiveCfg = Release|Any CPU
		{D0F17F1D-F63C-44ED-8CEC-FECAAA206ED5}.Release|Any CPU.Build.0 = Release|Any CPU
		{C921AF17-D6DF-4629-AA80-ECF657FCBFFC}.Debug|Any CPU.ActiveCfg = Debug|Any CPU
		{C921AF17-D6DF-4629-AA80-ECF657FCBFFC}.Debug|Any CPU.Build.0 = Debug|Any CPU
		{C921AF17-D6DF-4629-AA80-ECF657FCBFFC}.Release|Any CPU.ActiveCfg = Release|Any CPU
		{C921AF17-D6DF-4629-AA80-ECF657FCBFFC}.Release|Any CPU.Build.0 = Release|Any CPU
		{348B44E1-AE86-4D81-9B70-411F9CB0E1A2}.Debug|Any CPU.ActiveCfg = Debug|Any CPU
		{348B44E1-AE86-4D81-9B70-411F9CB0E1A2}.Debug|Any CPU.Build.0 = Debug|Any CPU
		{348B44E1-AE86-4D81-9B70-411F9CB0E1A2}.Release|Any CPU.ActiveCfg = Release|Any CPU
		{348B44E1-AE86-4D81-9B70-411F9CB0E1A2}.Release|Any CPU.Build.0 = Release|Any CPU
		{C341C0FA-4D3B-4EAB-A0E2-D21163954D75}.Debug|Any CPU.ActiveCfg = Debug|Any CPU
		{C341C0FA-4D3B-4EAB-A0E2-D21163954D75}.Debug|Any CPU.Build.0 = Debug|Any CPU
		{C341C0FA-4D3B-4EAB-A0E2-D21163954D75}.Release|Any CPU.ActiveCfg = Release|Any CPU
		{C341C0FA-4D3B-4EAB-A0E2-D21163954D75}.Release|Any CPU.Build.0 = Release|Any CPU
		{5C5E75DD-B9A2-4358-BB9A-031FCDB48625}.Debug|Any CPU.ActiveCfg = Debug|Any CPU
		{5C5E75DD-B9A2-4358-BB9A-031FCDB48625}.Debug|Any CPU.Build.0 = Debug|Any CPU
		{5C5E75DD-B9A2-4358-BB9A-031FCDB48625}.Release|Any CPU.ActiveCfg = Release|Any CPU
		{5C5E75DD-B9A2-4358-BB9A-031FCDB48625}.Release|Any CPU.Build.0 = Release|Any CPU
	EndGlobalSection
	GlobalSection(SolutionProperties) = preSolution
		HideSolutionNode = FALSE
	EndGlobalSection
	GlobalSection(NestedProjects) = preSolution
		{F341194F-78D1-4E2A-BC06-16E51C7B2012} = {C966CA40-D7FD-424B-B57C-A252101B713A}
		{D4914EDC-D1A4-4D42-B57A-BB4B0E8A73C6} = {C966CA40-D7FD-424B-B57C-A252101B713A}
		{B64CBB1A-D7D4-4C16-A45B-2602FF40C6F2} = {C966CA40-D7FD-424B-B57C-A252101B713A}
		{3042D476-E942-4AB0-84E8-3B2D84815D5A} = {C966CA40-D7FD-424B-B57C-A252101B713A}
		{8B8CD1F1-C5AC-48A4-94EE-677CDECA9ECB} = {C966CA40-D7FD-424B-B57C-A252101B713A}
		{25C7155B-4CA7-4646-9FD8-1A22DD20C2BD} = {A140DBF7-FBE2-4EB2-A9C6-0DBA38F3C33B}
		{18AD1313-BF80-419C-8296-5F393989F029} = {A140DBF7-FBE2-4EB2-A9C6-0DBA38F3C33B}
		{A69AB79A-A79C-4183-84BE-2B857D2FD1C0} = {A140DBF7-FBE2-4EB2-A9C6-0DBA38F3C33B}
		{8E4CF2E1-F8E2-4837-ACEC-F9C8CEAE10C7} = {A140DBF7-FBE2-4EB2-A9C6-0DBA38F3C33B}
		{2EA41F6F-E514-4465-9C6F-08ECEE7C405B} = {A140DBF7-FBE2-4EB2-A9C6-0DBA38F3C33B}
		{7B1D0E1F-D665-4D43-B377-95FFE21CF81E} = {D109C0D6-A315-4B37-BA4E-9BDE36CD23CD}
		{32C11C85-4787-416A-A083-39D4A9561570} = {D109C0D6-A315-4B37-BA4E-9BDE36CD23CD}
		{C809ADDE-3F9E-469A-98E8-030DB41C03F9} = {D109C0D6-A315-4B37-BA4E-9BDE36CD23CD}
		{C8D7C2F7-FCA8-45F4-AEE0-27EC664E9822} = {D109C0D6-A315-4B37-BA4E-9BDE36CD23CD}
		{D0F17F1D-F63C-44ED-8CEC-FECAAA206ED5} = {9B79EC06-96A7-4B8F-ACA4-C02A4940018B}
		{C921AF17-D6DF-4629-AA80-ECF657FCBFFC} = {9B79EC06-96A7-4B8F-ACA4-C02A4940018B}
		{348B44E1-AE86-4D81-9B70-411F9CB0E1A2} = {9B79EC06-96A7-4B8F-ACA4-C02A4940018B}
		{C341C0FA-4D3B-4EAB-A0E2-D21163954D75} = {9B79EC06-96A7-4B8F-ACA4-C02A4940018B}
		{5C5E75DD-B9A2-4358-BB9A-031FCDB48625} = {783D1416-B702-4681-A0BA-F604AB7A5118}
	EndGlobalSection
	GlobalSection(ExtensibilityGlobals) = postSolution
		SolutionGuid = {AAC05943-C15A-44B5-B15B-444D6A24CF52}
	EndGlobalSection
EndGlobal
